<Solution>
  <Folder Name="/Material/">
    <Project Path="NotaDoAluno/NotaDoAluno.csproj" Id="ff6adab5-ff6f-4e49-8f10-430002a7c265" />
    <Project Path="OlaMundo/OlaMundo.csproj" />
    <Project Path="SaidaDeValoresTabuada/SaidaDeValoresTabuada.csproj" Id="f3abd817-39a9-46d4-a101-14bea1408fd0" />
  </Folder>
</Solution>
